
Microsoft Visual Studio Solution File, Format Version 12.00
# Visual Studio 15
VisualStudioVersion = 15.0.28307.421
MinimumVisualStudioVersion = 10.0.40219.1
Project("{FAE04EC0-301F-11D3-BF4B-00C04F79EFBC}") = "WebApplication1", "WebApplication1\WebApplication1.csproj", "{C78D2ECE-F0E0-42BA-8EFD-181F9985B409}"
EndProject
Global
	GlobalSection(SolutionConfigurationPlatforms) = preSolution
		Debug|Any CPU = Debug|Any CPU
		Release|Any CPU = Release|Any CPU
	EndGlobalSection
	GlobalSection(ProjectConfigurationPlatforms) = postSolution
		{C78D2ECE-F0E0-42BA-8EFD-181F9985B409}.Debug|Any CPU.ActiveCfg = Debug|Any CPU
		{C78D2ECE-F0E0-42BA-8EFD-181F9985B409}.Debug|Any CPU.Build.0 = Debug|Any CPU
		{C78D2ECE-F0E0-42BA-8EFD-181F9985B409}.Release|Any CPU.ActiveCfg = Release|Any CPU
		{C78D2ECE-F0E0-42BA-8EFD-181F9985B409}.Release|Any CPU.Build.0 = Release|Any CPU
	EndGlobalSection
	GlobalSection(SolutionProperties) = preSolution
		HideSolutionNode = FALSE
	EndGlobalSection
	GlobalSection(ExtensibilityGlobals) = postSolution
		SolutionGuid = {1CB90D2C-1518-4D20-910C-E3E2CBC344FA}
	EndGlobalSection
EndGlobal
